
Microsoft Visual Studio Solution File, Format Version 12.00
# Visual Studio Version 17
VisualStudioVersion = 17.2.32516.85
MinimumVisualStudioVersion = 10.0.40219.1
Project("{9A19103F-16F7-4668-BE54-9A1E7A4F7556}") = "QueryByShape", "src\QueryByShape\QueryByShape.csproj", "{0B6A344B-FCCE-428D-A2A7-AF1409A86C7F}"
EndProject
Project("{9A19103F-16F7-4668-BE54-9A1E7A4F7556}") = "QueryByShape.Analyzer", "src\QueryByShape.Analyzer\QueryByShape.Analyzer.csproj", "{DD722095-F08F-43D5-A687-9ED41138B6A7}"
EndProject
Project("{9A19103F-16F7-4668-BE54-9A1E7A4F7556}") = "QueryByShape.GraphQLClient", "src\QueryByShape.GraphQLClient\QueryByShape.GraphQLClient.csproj", "{6702F924-01E6-4903-8DDE-85CAB361B6BF}"
EndProject
Project("{2150E333-8FDC-42A3-9474-1A3956D46DE8}") = "Tests", "Tests", "{91D9FD32-6EC7-4E31-978F-124B427C126B}"
EndProject
Project("{9A19103F-16F7-4668-BE54-9A1E7A4F7556}") = "QueryByShape.Analyzer.Tests", "tests\QueryByShape.Analyzer.Tests\QueryByShape.Analyzer.Tests.csproj", "{70312BAD-B5F9-4FFA-86DF-A4B38B830C7C}"
EndProject
Project("{9A19103F-16F7-4668-BE54-9A1E7A4F7556}") = "QueryByShape.Attributes", "src\QueryByShape.Attributes\QueryByShape.Attributes.csproj", "{53B7FCDE-4659-4474-812C-88A43C4F4FDF}"
EndProject
Project("{2150E333-8FDC-42A3-9474-1A3956D46DE8}") = "Examples", "Examples", "{6D432921-65BB-40FE-856A-C087B5ACC0A2}"
EndProject
Project("{9A19103F-16F7-4668-BE54-9A1E7A4F7556}") = "StarWars", "examples\StarWars\StarWars.csproj", "{E26A1C68-EC4D-4A3C-9EEF-7C1DBCA8AC1F}"
EndProject
Global
	GlobalSection(SolutionConfigurationPlatforms) = preSolution
		Debug|Any CPU = Debug|Any CPU
		Release|Any CPU = Release|Any CPU
	EndGlobalSection
	GlobalSection(ProjectConfigurationPlatforms) = postSolution
		{0B6A344B-FCCE-428D-A2A7-AF1409A86C7F}.Debug|Any CPU.ActiveCfg = Debug|Any CPU
		{0B6A344B-FCCE-428D-A2A7-AF1409A86C7F}.Debug|Any CPU.Build.0 = Debug|Any CPU
		{0B6A344B-FCCE-428D-A2A7-AF1409A86C7F}.Release|Any CPU.ActiveCfg = Release|Any CPU
		{0B6A344B-FCCE-428D-A2A7-AF1409A86C7F}.Release|Any CPU.Build.0 = Release|Any CPU
		{DD722095-F08F-43D5-A687-9ED41138B6A7}.Debug|Any CPU.ActiveCfg = Debug|Any CPU
		{DD722095-F08F-43D5-A687-9ED41138B6A7}.Debug|Any CPU.Build.0 = Debug|Any CPU
		{DD722095-F08F-43D5-A687-9ED41138B6A7}.Release|Any CPU.ActiveCfg = Release|Any CPU
		{DD722095-F08F-43D5-A687-9ED41138B6A7}.Release|Any CPU.Build.0 = Release|Any CPU
		{6702F924-01E6-4903-8DDE-85CAB361B6BF}.Debug|Any CPU.ActiveCfg = Debug|Any CPU
		{6702F924-01E6-4903-8DDE-85CAB361B6BF}.Debug|Any CPU.Build.0 = Debug|Any CPU
		{6702F924-01E6-4903-8DDE-85CAB361B6BF}.Release|Any CPU.ActiveCfg = Release|Any CPU
		{6702F924-01E6-4903-8DDE-85CAB361B6BF}.Release|Any CPU.Build.0 = Release|Any CPU
		{70312BAD-B5F9-4FFA-86DF-A4B38B830C7C}.Debug|Any CPU.ActiveCfg = Debug|Any CPU
		{70312BAD-B5F9-4FFA-86DF-A4B38B830C7C}.Debug|Any CPU.Build.0 = Debug|Any CPU
		{70312BAD-B5F9-4FFA-86DF-A4B38B830C7C}.Release|Any CPU.ActiveCfg = Release|Any CPU
		{70312BAD-B5F9-4FFA-86DF-A4B38B830C7C}.Release|Any CPU.Build.0 = Release|Any CPU
		{53B7FCDE-4659-4474-812C-88A43C4F4FDF}.Debug|Any CPU.ActiveCfg = Debug|Any CPU
		{53B7FCDE-4659-4474-812C-88A43C4F4FDF}.Debug|Any CPU.Build.0 = Debug|Any CPU
		{53B7FCDE-4659-4474-812C-88A43C4F4FDF}.Release|Any CPU.ActiveCfg = Release|Any CPU
		{53B7FCDE-4659-4474-812C-88A43C4F4FDF}.Release|Any CPU.Build.0 = Release|Any CPU
		{E26A1C68-EC4D-4A3C-9EEF-7C1DBCA8AC1F}.Debug|Any CPU.ActiveCfg = Debug|Any CPU
		{E26A1C68-EC4D-4A3C-9EEF-7C1DBCA8AC1F}.Debug|Any CPU.Build.0 = Debug|Any CPU
		{E26A1C68-EC4D-4A3C-9EEF-7C1DBCA8AC1F}.Release|Any CPU.ActiveCfg = Release|Any CPU
		{E26A1C68-EC4D-4A3C-9EEF-7C1DBCA8AC1F}.Release|Any CPU.Build.0 = Release|Any CPU
	EndGlobalSection
	GlobalSection(SolutionProperties) = preSolution
		HideSolutionNode = FALSE
	EndGlobalSection
	GlobalSection(NestedProjects) = preSolution
		{70312BAD-B5F9-4FFA-86DF-A4B38B830C7C} = {91D9FD32-6EC7-4E31-978F-124B427C126B}
		{E26A1C68-EC4D-4A3C-9EEF-7C1DBCA8AC1F} = {6D432921-65BB-40FE-856A-C087B5ACC0A2}
	EndGlobalSection
	GlobalSection(ExtensibilityGlobals) = postSolution
		SolutionGuid = {2182D04A-84B1-4FB0-BF83-FD2D148552DF}
	EndGlobalSection
EndGlobal
